{
  "version": 4,
  "terraform_version": "1.0.1",
  "serial": 18,
  "lineage": "31e2b4ff-c8c5-5fcd-5200-44005ff561e3",
  "outputs": {
    "config_map_aws_auth": {
      "value": "apiVersion: v1\r\nkind: ConfigMap\r\nmetadata:\r\n  name: aws-auth\r\n  namespace: kube-system\r\ndata:\r\n  mapRoles: |\r\n    - rolearn: arn:aws:iam::542157663317:role/eks_node_role\r\n      username: system:node:{{EC2PrivateDNSName}}\r\n      groups:\r\n        - system:bootstrappers\r\n        - system:nodes\r\n",
      "type": "string"
    },
    "kubeconfig": {
      "value": "apiVersion: v1\r\nclusters:\r\n- cluster:\r\n    server: https://F528380755367641D02D02C49C4C2CC3.gr7.ap-south-1.eks.amazonaws.com\r\n    certificate-authority-data: LS0tLS1CRUdJTiBDRVJUSUZJQ0FURS0tLS0tCk1JSUM1ekNDQWMrZ0F3SUJBZ0lCQURBTkJna3Foa2lHOXcwQkFRc0ZBREFWTVJNd0VRWURWUVFERXdwcmRXSmwKY201bGRHVnpNQjRYRFRJeE1EY3lPVEExTVRJMU1sb1hEVE14TURjeU56QTFNVEkxTWxvd0ZURVRNQkVHQTFVRQpBeE1LYTNWaVpYSnVaWFJsY3pDQ0FTSXdEUVlKS29aSWh2Y05BUUVCQlFBRGdnRVBBRENDQVFvQ2dnRUJBTURJCjR4V1RSQ3dlMjRGK2NmY3dCYy8zcDMrWVg5Z2ZTQjd4Z0xyOEcyQmxYU3JheHZaa2JwaEpsT29TQnJvdHlnU0EKekVldkErWU1BOHhuT2FoTGRSRGkwaXg2U3JKOEZUKzBmQWVTcUtoMU4vbjhubTBSRE8vUG5oQUFucWlSS085cQpNdEFwUk5mOUxrV1pxK01CVGd2U3I0cmZMb2dPWFViMW8wWmtlc3dIRHFVZnhuUDBhNFVVM1ZCMitEekV2QmtiCm9XSXdiMkxhT0ZBUGNCZGJnVG4rLzZMeFFaQmFrMEQ4S2UxRFY1TjduTHh1djdMK2tSTWZhLytLWW54MzlaeVMKOWtaWGRNUzVSTlFlaGVFVWpZakc4ZjlCQm1XK1h2YnJ5YnE3c0piN3lBUEkxU3lLWVJoRGtqVmNjenpuTTI4UQpSem1OY3p0Ny83eDRQSHk4RkJzQ0F3RUFBYU5DTUVBd0RnWURWUjBQQVFIL0JBUURBZ0trTUE4R0ExVWRFd0VCCi93UUZNQU1CQWY4d0hRWURWUjBPQkJZRUZCZytrcy9vNGtwaWltUWVWdEt6aG94dURyK01NQTBHQ1NxR1NJYjMKRFFFQkN3VUFBNElCQVFCQ251aTkzUVJOQUZNa0tFZlAzU1RJVTI0cGpwck9GK2U5L3F3c0pYV0Rmb3gxQkY4OApESXp5dDJEMWFrOXE4NXdxZ0tBVGtLUGNzSTd0TVBNRG8vZDhRdmhIblJlSHo0QkE5Qlh2NTJVTklWVTEvdnoxCnJFN3JPeHBuYjBzazA3U1NLT0ZEbDlJdWVwbUFTbkw3RXEyZ3hNdFM0NHJGTVlWb3NSRjF4NkF2d1JXZjVFRDYKamtiWUZ1TEZ4OFgzL0pleUNsOEVzZDExcHc0N0ZDcnUyWC9KZVp2UWhQR3RFNlVIR2ZMVHAvRXVVQWFrQmwyQwpzeGxLbHg3eHpmTDhOSVhKM2JjUENMYlBFZmh4VHdFWXhOcURpbi9OTlZYNm05L0tpZFpSbDQyb3hIY1BHSVArClQ2akt5dU82UHV3WnFKNW9CcFNwYWwyT0RzUGRxU2FJNVprUwotLS0tLUVORCBDRVJUSUZJQ0FURS0tLS0tCg==\r\n  name: kubernetes\r\ncontexts:\r\n- context:\r\n    cluster: kubernetes\r\n    user: aws\r\n  name: aws\r\ncurrent-context: aws\r\nkind: Config\r\npreferences: {}\r\nusers:\r\n- name: aws\r\n  user:\r\n    exec:\r\n      apiVersion: client.authentication.k8s.io/v1alpha1\r\n      command: aws-iam-authenticator\r\n      args:\r\n        - \"token\"\r\n        - \"-i\"\r\n        - \"eks_cluster_demo\"\r\n",
      "type": "string"
    }
  },
  "resources": [
    {
      "mode": "managed",
      "type": "aws_eks_cluster",
      "name": "eks_cluster_demo",
      "provider": "provider[\"registry.terraform.io/hashicorp/aws\"]",
      "instances": [
        {
          "schema_version": 0,
          "attributes": {
            "arn": "arn:aws:eks:ap-south-1:542157663317:cluster/eks_cluster_demo",
            "certificate_authority": [
              {
                "data": "LS0tLS1CRUdJTiBDRVJUSUZJQ0FURS0tLS0tCk1JSUM1ekNDQWMrZ0F3SUJBZ0lCQURBTkJna3Foa2lHOXcwQkFRc0ZBREFWTVJNd0VRWURWUVFERXdwcmRXSmwKY201bGRHVnpNQjRYRFRJeE1EY3lPVEExTVRJMU1sb1hEVE14TURjeU56QTFNVEkxTWxvd0ZURVRNQkVHQTFVRQpBeE1LYTNWaVpYSnVaWFJsY3pDQ0FTSXdEUVlKS29aSWh2Y05BUUVCQlFBRGdnRVBBRENDQVFvQ2dnRUJBTURJCjR4V1RSQ3dlMjRGK2NmY3dCYy8zcDMrWVg5Z2ZTQjd4Z0xyOEcyQmxYU3JheHZaa2JwaEpsT29TQnJvdHlnU0EKekVldkErWU1BOHhuT2FoTGRSRGkwaXg2U3JKOEZUKzBmQWVTcUtoMU4vbjhubTBSRE8vUG5oQUFucWlSS085cQpNdEFwUk5mOUxrV1pxK01CVGd2U3I0cmZMb2dPWFViMW8wWmtlc3dIRHFVZnhuUDBhNFVVM1ZCMitEekV2QmtiCm9XSXdiMkxhT0ZBUGNCZGJnVG4rLzZMeFFaQmFrMEQ4S2UxRFY1TjduTHh1djdMK2tSTWZhLytLWW54MzlaeVMKOWtaWGRNUzVSTlFlaGVFVWpZakc4ZjlCQm1XK1h2YnJ5YnE3c0piN3lBUEkxU3lLWVJoRGtqVmNjenpuTTI4UQpSem1OY3p0Ny83eDRQSHk4RkJzQ0F3RUFBYU5DTUVBd0RnWURWUjBQQVFIL0JBUURBZ0trTUE4R0ExVWRFd0VCCi93UUZNQU1CQWY4d0hRWURWUjBPQkJZRUZCZytrcy9vNGtwaWltUWVWdEt6aG94dURyK01NQTBHQ1NxR1NJYjMKRFFFQkN3VUFBNElCQVFCQ251aTkzUVJOQUZNa0tFZlAzU1RJVTI0cGpwck9GK2U5L3F3c0pYV0Rmb3gxQkY4OApESXp5dDJEMWFrOXE4NXdxZ0tBVGtLUGNzSTd0TVBNRG8vZDhRdmhIblJlSHo0QkE5Qlh2NTJVTklWVTEvdnoxCnJFN3JPeHBuYjBzazA3U1NLT0ZEbDlJdWVwbUFTbkw3RXEyZ3hNdFM0NHJGTVlWb3NSRjF4NkF2d1JXZjVFRDYKamtiWUZ1TEZ4OFgzL0pleUNsOEVzZDExcHc0N0ZDcnUyWC9KZVp2UWhQR3RFNlVIR2ZMVHAvRXVVQWFrQmwyQwpzeGxLbHg3eHpmTDhOSVhKM2JjUENMYlBFZmh4VHdFWXhOcURpbi9OTlZYNm05L0tpZFpSbDQyb3hIY1BHSVArClQ2akt5dU82UHV3WnFKNW9CcFNwYWwyT0RzUGRxU2FJNVprUwotLS0tLUVORCBDRVJUSUZJQ0FURS0tLS0tCg=="
              }
            ],
            "created_at": "2021-07-29 05:07:45.711 +0000 UTC",
            "enabled_cluster_log_types": null,
            "encryption_config": [],
            "endpoint": "https://F528380755367641D02D02C49C4C2CC3.gr7.ap-south-1.eks.amazonaws.com",
            "id": "eks_cluster_demo",
            "identity": [
              {
                "oidc": [
                  {
                    "issuer": "https://oidc.eks.ap-south-1.amazonaws.com/id/F528380755367641D02D02C49C4C2CC3"
                  }
                ]
              }
            ],
            "kubernetes_network_config": [
              {
                "service_ipv4_cidr": "172.20.0.0/16"
              }
            ],
            "name": "eks_cluster_demo",
            "platform_version": "eks.2",
            "role_arn": "arn:aws:iam::542157663317:role/eks_demo",
            "status": "ACTIVE",
            "tags": null,
            "tags_all": {},
            "timeouts": null,
            "version": "1.20",
            "vpc_config": [
              {
                "cluster_security_group_id": "sg-07bc02a638787c2c1",
                "endpoint_private_access": false,
                "endpoint_public_access": true,
                "public_access_cidrs": [
                  "0.0.0.0/0"
                ],
                "security_group_ids": [
                  "sg-06295136716c71999"
                ],
                "subnet_ids": [
                  "subnet-00d0295cbff2fced6",
                  "subnet-03577544607e13e69"
                ],
                "vpc_id": "vpc-00c4f0442464de68b"
              }
            ]
          },
          "sensitive_attributes": [],
          "private": "eyJlMmJmYjczMC1lY2FhLTExZTYtOGY4OC0zNDM2M2JjN2M0YzAiOnsiY3JlYXRlIjoxODAwMDAwMDAwMDAwLCJkZWxldGUiOjkwMDAwMDAwMDAwMCwidXBkYXRlIjozNjAwMDAwMDAwMDAwfX0=",
          "dependencies": [
            "aws_iam_role.eks_role_demo",
            "aws_iam_role_policy_attachment.eks_cluster_policy",
            "aws_iam_role_policy_attachment.eks_cluster_vpc_policy",
            "aws_security_group.eks_security_group",
            "aws_subnet.eks_subnet_1",
            "aws_subnet.eks_subnet_2",
            "aws_vpc.eks_vpc"
          ],
          "create_before_destroy": true
        }
      ]
    },
    {
      "mode": "managed",
      "type": "aws_eks_node_group",
      "name": "eks_node_group",
      "provider": "provider[\"registry.terraform.io/hashicorp/aws\"]",
      "instances": [
        {
          "schema_version": 0,
          "attributes": {
            "ami_type": "AL2_x86_64",
            "arn": "arn:aws:eks:ap-south-1:542157663317:nodegroup/eks_cluster_demo/eks_node_group/56bd7859-0d43-0cc3-0cd0-b334463499f3",
            "capacity_type": "ON_DEMAND",
            "cluster_name": "eks_cluster_demo",
            "disk_size": 20,
            "force_update_version": null,
            "id": "eks_cluster_demo:eks_node_group",
            "instance_types": [
              "t3.medium"
            ],
            "labels": null,
            "launch_template": [],
            "node_group_name": "eks_node_group",
            "node_group_name_prefix": "",
            "node_role_arn": "arn:aws:iam::542157663317:role/eks_node_role",
            "release_version": "1.20.4-20210722",
            "remote_access": [],
            "resources": [
              {
                "autoscaling_groups": [
                  {
                    "name": "eks-56bd7859-0d43-0cc3-0cd0-b334463499f3"
                  }
                ],
                "remote_access_security_group_id": ""
              }
            ],
            "scaling_config": [
              {
                "desired_size": 2,
                "max_size": 4,
                "min_size": 1
              }
            ],
            "status": "ACTIVE",
            "subnet_ids": [
              "subnet-00d0295cbff2fced6",
              "subnet-03577544607e13e69"
            ],
            "tags": null,
            "tags_all": {},
            "taint": [],
            "timeouts": null,
            "version": "1.20"
          },
          "sensitive_attributes": [],
          "private": "eyJlMmJmYjczMC1lY2FhLTExZTYtOGY4OC0zNDM2M2JjN2M0YzAiOnsiY3JlYXRlIjozNjAwMDAwMDAwMDAwLCJkZWxldGUiOjM2MDAwMDAwMDAwMDAsInVwZGF0ZSI6MzYwMDAwMDAwMDAwMH19",
          "dependencies": [
            "aws_eks_cluster.eks_cluster_demo",
            "aws_iam_role.eks_node_role",
            "aws_iam_role.eks_role_demo",
            "aws_iam_role_policy_attachment.eks_CNI_policy",
            "aws_iam_role_policy_attachment.eks_cluster_policy",
            "aws_iam_role_policy_attachment.eks_cluster_vpc_policy",
            "aws_iam_role_policy_attachment.eks_ec2_policy",
            "aws_iam_role_policy_attachment.eks_node_policy",
            "aws_security_group.eks_security_group",
            "aws_subnet.eks_subnet_1",
            "aws_subnet.eks_subnet_2",
            "aws_vpc.eks_vpc"
          ],
          "create_before_destroy": true
        }
      ]
    },
    {
      "mode": "managed",
      "type": "aws_iam_role",
      "name": "eks_node_role",
      "provider": "provider[\"registry.terraform.io/hashicorp/aws\"]",
      "instances": [
        {
          "schema_version": 0,
          "attributes": {
            "arn": "arn:aws:iam::542157663317:role/eks_node_role",
            "assume_role_policy": "{\"Version\":\"2012-10-17\",\"Statement\":[{\"Sid\":\"\",\"Effect\":\"Allow\",\"Principal\":{\"Service\":\"ec2.amazonaws.com\"},\"Action\":\"sts:AssumeRole\"}]}",
            "create_date": "2021-07-29T05:07:32Z",
            "description": "",
            "force_detach_policies": false,
            "id": "eks_node_role",
            "inline_policy": [
              {
                "name": "",
                "policy": ""
              }
            ],
            "managed_policy_arns": [],
            "max_session_duration": 3600,
            "name": "eks_node_role",
            "name_prefix": null,
            "path": "/",
            "permissions_boundary": null,
            "tags": null,
            "tags_all": {},
            "unique_id": "AROAX4OY5NRKXUDKKPAFI"
          },
          "sensitive_attributes": [],
          "private": "bnVsbA==",
          "create_before_destroy": true
        }
      ]
    },
    {
      "mode": "managed",
      "type": "aws_iam_role",
      "name": "eks_role_demo",
      "provider": "provider[\"registry.terraform.io/hashicorp/aws\"]",
      "instances": [
        {
          "schema_version": 0,
          "attributes": {
            "arn": "arn:aws:iam::542157663317:role/eks_demo",
            "assume_role_policy": "{\"Version\":\"2012-10-17\",\"Statement\":[{\"Sid\":\"\",\"Effect\":\"Allow\",\"Principal\":{\"Service\":\"eks.amazonaws.com\"},\"Action\":\"sts:AssumeRole\"}]}",
            "create_date": "2021-07-29T05:07:32Z",
            "description": "",
            "force_detach_policies": false,
            "id": "eks_demo",
            "inline_policy": [
              {
                "name": "",
                "policy": ""
              }
            ],
            "managed_policy_arns": [],
            "max_session_duration": 3600,
            "name": "eks_demo",
            "name_prefix": null,
            "path": "/",
            "permissions_boundary": null,
            "tags": {
              "Name": "eks_cluster"
            },
            "tags_all": {
              "Name": "eks_cluster"
            },
            "unique_id": "AROAX4OY5NRKVJDOB7XXN"
          },
          "sensitive_attributes": [],
          "private": "bnVsbA==",
          "create_before_destroy": true
        }
      ]
    },
    {
      "mode": "managed",
      "type": "aws_iam_role_policy_attachment",
      "name": "eks_CNI_policy",
      "provider": "provider[\"registry.terraform.io/hashicorp/aws\"]",
      "instances": [
        {
          "schema_version": 0,
          "attributes": {
            "id": "eks_node_role-20210729050737179600000004",
            "policy_arn": "arn:aws:iam::aws:policy/AmazonEKS_CNI_Policy",
            "role": "eks_node_role"
          },
          "sensitive_attributes": [],
          "private": "bnVsbA==",
          "dependencies": [
            "aws_iam_role.eks_node_role"
          ],
          "create_before_destroy": true
        }
      ]
    },
    {
      "mode": "managed",
      "type": "aws_iam_role_policy_attachment",
      "name": "eks_cluster_policy",
      "provider": "provider[\"registry.terraform.io/hashicorp/aws\"]",
      "instances": [
        {
          "schema_version": 0,
          "attributes": {
            "id": "eks_demo-20210729050737128500000002",
            "policy_arn": "arn:aws:iam::aws:policy/AmazonEKSClusterPolicy",
            "role": "eks_demo"
          },
          "sensitive_attributes": [],
          "private": "bnVsbA==",
          "dependencies": [
            "aws_iam_role.eks_role_demo"
          ],
          "create_before_destroy": true
        }
      ]
    },
    {
      "mode": "managed",
      "type": "aws_iam_role_policy_attachment",
      "name": "eks_cluster_vpc_policy",
      "provider": "provider[\"registry.terraform.io/hashicorp/aws\"]",
      "instances": [
        {
          "schema_version": 0,
          "attributes": {
            "id": "eks_demo-20210729050737184200000005",
            "policy_arn": "arn:aws:iam::aws:policy/AmazonEKSVPCResourceController",
            "role": "eks_demo"
          },
          "sensitive_attributes": [],
          "private": "bnVsbA==",
          "dependencies": [
            "aws_iam_role.eks_role_demo"
          ],
          "create_before_destroy": true
        }
      ]
    },
    {
      "mode": "managed",
      "type": "aws_iam_role_policy_attachment",
      "name": "eks_ec2_policy",
      "provider": "provider[\"registry.terraform.io/hashicorp/aws\"]",
      "instances": [
        {
          "schema_version": 0,
          "attributes": {
            "id": "eks_node_role-20210729050737095500000001",
            "policy_arn": "arn:aws:iam::aws:policy/AmazonEC2ContainerRegistryReadOnly",
            "role": "eks_node_role"
          },
          "sensitive_attributes": [],
          "private": "bnVsbA==",
          "dependencies": [
            "aws_iam_role.eks_node_role"
          ],
          "create_before_destroy": true
        }
      ]
    },
    {
      "mode": "managed",
      "type": "aws_iam_role_policy_attachment",
      "name": "eks_node_policy",
      "provider": "provider[\"registry.terraform.io/hashicorp/aws\"]",
      "instances": [
        {
          "schema_version": 0,
          "attributes": {
            "id": "eks_node_role-20210729050737177300000003",
            "policy_arn": "arn:aws:iam::aws:policy/AmazonEKSWorkerNodePolicy",
            "role": "eks_node_role"
          },
          "sensitive_attributes": [],
          "private": "bnVsbA==",
          "dependencies": [
            "aws_iam_role.eks_node_role"
          ],
          "create_before_destroy": true
        }
      ]
    },
    {
      "mode": "managed",
      "type": "aws_internet_gateway",
      "name": "eks_IGW",
      "provider": "provider[\"registry.terraform.io/hashicorp/aws\"]",
      "instances": [
        {
          "schema_version": 0,
          "attributes": {
            "arn": "arn:aws:ec2:ap-south-1:542157663317:internet-gateway/igw-05a6a79f18c04af7b",
            "id": "igw-05a6a79f18c04af7b",
            "owner_id": "542157663317",
            "tags": null,
            "tags_all": {},
            "vpc_id": "vpc-00c4f0442464de68b"
          },
          "sensitive_attributes": [],
          "private": "bnVsbA==",
          "dependencies": [
            "aws_vpc.eks_vpc"
          ]
        }
      ]
    },
    {
      "mode": "managed",
      "type": "aws_route_table",
      "name": "eks_route_table",
      "provider": "provider[\"registry.terraform.io/hashicorp/aws\"]",
      "instances": [
        {
          "schema_version": 0,
          "attributes": {
            "arn": "arn:aws:ec2:ap-south-1:542157663317:route-table/rtb-0b7da211f43cd24cf",
            "id": "rtb-0b7da211f43cd24cf",
            "owner_id": "542157663317",
            "propagating_vgws": [],
            "route": [
              {
                "carrier_gateway_id": "",
                "cidr_block": "0.0.0.0/0",
                "destination_prefix_list_id": "",
                "egress_only_gateway_id": "",
                "gateway_id": "igw-05a6a79f18c04af7b",
                "instance_id": "",
                "ipv6_cidr_block": "",
                "local_gateway_id": "",
                "nat_gateway_id": "",
                "network_interface_id": "",
                "transit_gateway_id": "",
                "vpc_endpoint_id": "",
                "vpc_peering_connection_id": ""
              }
            ],
            "tags": null,
            "tags_all": {},
            "vpc_id": "vpc-00c4f0442464de68b"
          },
          "sensitive_attributes": [],
          "private": "bnVsbA==",
          "dependencies": [
            "aws_internet_gateway.eks_IGW",
            "aws_vpc.eks_vpc"
          ]
        }
      ]
    },
    {
      "mode": "managed",
      "type": "aws_route_table_association",
      "name": "eks_route_association_eks_subnet_1",
      "provider": "provider[\"registry.terraform.io/hashicorp/aws\"]",
      "instances": [
        {
          "schema_version": 0,
          "attributes": {
            "gateway_id": "",
            "id": "rtbassoc-0c390973dac33bc7a",
            "route_table_id": "rtb-0b7da211f43cd24cf",
            "subnet_id": "subnet-00d0295cbff2fced6"
          },
          "sensitive_attributes": [],
          "private": "bnVsbA==",
          "dependencies": [
            "aws_internet_gateway.eks_IGW",
            "aws_route_table.eks_route_table",
            "aws_subnet.eks_subnet_1",
            "aws_vpc.eks_vpc"
          ]
        }
      ]
    },
    {
      "mode": "managed",
      "type": "aws_route_table_association",
      "name": "eks_route_association_eks_subnet_2",
      "provider": "provider[\"registry.terraform.io/hashicorp/aws\"]",
      "instances": [
        {
          "schema_version": 0,
          "attributes": {
            "gateway_id": "",
            "id": "rtbassoc-08f33b071849debb8",
            "route_table_id": "rtb-0b7da211f43cd24cf",
            "subnet_id": "subnet-03577544607e13e69"
          },
          "sensitive_attributes": [],
          "private": "bnVsbA==",
          "dependencies": [
            "aws_internet_gateway.eks_IGW",
            "aws_route_table.eks_route_table",
            "aws_subnet.eks_subnet_2",
            "aws_vpc.eks_vpc"
          ]
        }
      ]
    },
    {
      "mode": "managed",
      "type": "aws_security_group",
      "name": "eks_security_group",
      "provider": "provider[\"registry.terraform.io/hashicorp/aws\"]",
      "instances": [
        {
          "schema_version": 1,
          "attributes": {
            "arn": "arn:aws:ec2:ap-south-1:542157663317:security-group/sg-06295136716c71999",
            "description": "Allow TLS inbound and outbound traffic",
            "egress": [
              {
                "cidr_blocks": [
                  "0.0.0.0/0"
                ],
                "description": "",
                "from_port": 0,
                "ipv6_cidr_blocks": [],
                "prefix_list_ids": [],
                "protocol": "-1",
                "security_groups": [],
                "self": false,
                "to_port": 0
              }
            ],
            "id": "sg-06295136716c71999",
            "ingress": [
              {
                "cidr_blocks": [
                  "10.0.0.0/16"
                ],
                "description": "TLS from VPC",
                "from_port": 443,
                "ipv6_cidr_blocks": [],
                "prefix_list_ids": [],
                "protocol": "tcp",
                "security_groups": [],
                "self": false,
                "to_port": 443
              }
            ],
            "name": "eks_security_group",
            "name_prefix": "",
            "owner_id": "542157663317",
            "revoke_rules_on_delete": false,
            "tags": null,
            "tags_all": {},
            "timeouts": null,
            "vpc_id": "vpc-00c4f0442464de68b"
          },
          "sensitive_attributes": [],
          "private": "eyJlMmJmYjczMC1lY2FhLTExZTYtOGY4OC0zNDM2M2JjN2M0YzAiOnsiY3JlYXRlIjo2MDAwMDAwMDAwMDAsImRlbGV0ZSI6OTAwMDAwMDAwMDAwfSwic2NoZW1hX3ZlcnNpb24iOiIxIn0=",
          "dependencies": [
            "aws_vpc.eks_vpc"
          ],
          "create_before_destroy": true
        }
      ]
    },
    {
      "mode": "managed",
      "type": "aws_subnet",
      "name": "eks_subnet_1",
      "provider": "provider[\"registry.terraform.io/hashicorp/aws\"]",
      "instances": [
        {
          "schema_version": 1,
          "attributes": {
            "arn": "arn:aws:ec2:ap-south-1:542157663317:subnet/subnet-00d0295cbff2fced6",
            "assign_ipv6_address_on_creation": false,
            "availability_zone": "ap-south-1a",
            "availability_zone_id": "aps1-az1",
            "cidr_block": "10.0.0.0/24",
            "customer_owned_ipv4_pool": "",
            "id": "subnet-00d0295cbff2fced6",
            "ipv6_cidr_block": "",
            "ipv6_cidr_block_association_id": "",
            "map_customer_owned_ip_on_launch": false,
            "map_public_ip_on_launch": true,
            "outpost_arn": "",
            "owner_id": "542157663317",
            "tags": {
              "Name": "eks_subnet-ap-south-1a",
              "kubernetes.io/cluster/aws_eks_cluster.eks_cluster_demo.name": "shared",
              "kubernetes.io/role/elb": "1"
            },
            "tags_all": {
              "Name": "eks_subnet-ap-south-1a",
              "kubernetes.io/cluster/aws_eks_cluster.eks_cluster_demo.name": "shared",
              "kubernetes.io/role/elb": "1"
            },
            "timeouts": null,
            "vpc_id": "vpc-00c4f0442464de68b"
          },
          "sensitive_attributes": [],
          "private": "eyJlMmJmYjczMC1lY2FhLTExZTYtOGY4OC0zNDM2M2JjN2M0YzAiOnsiY3JlYXRlIjo2MDAwMDAwMDAwMDAsImRlbGV0ZSI6MTIwMDAwMDAwMDAwMH0sInNjaGVtYV92ZXJzaW9uIjoiMSJ9",
          "dependencies": [
            "aws_vpc.eks_vpc"
          ],
          "create_before_destroy": true
        }
      ]
    },
    {
      "mode": "managed",
      "type": "aws_subnet",
      "name": "eks_subnet_2",
      "provider": "provider[\"registry.terraform.io/hashicorp/aws\"]",
      "instances": [
        {
          "schema_version": 1,
          "attributes": {
            "arn": "arn:aws:ec2:ap-south-1:542157663317:subnet/subnet-03577544607e13e69",
            "assign_ipv6_address_on_creation": false,
            "availability_zone": "ap-south-1b",
            "availability_zone_id": "aps1-az3",
            "cidr_block": "10.0.1.0/24",
            "customer_owned_ipv4_pool": "",
            "id": "subnet-03577544607e13e69",
            "ipv6_cidr_block": "",
            "ipv6_cidr_block_association_id": "",
            "map_customer_owned_ip_on_launch": false,
            "map_public_ip_on_launch": true,
            "outpost_arn": "",
            "owner_id": "542157663317",
            "tags": {
              "Name": "eks_subnet-ap-south-2a",
              "kubernetes.io/cluster/aws_eks_cluster.eks_cluster_demo.name": "shared",
              "kubernetes.io/role/elb": "1"
            },
            "tags_all": {
              "Name": "eks_subnet-ap-south-2a",
              "kubernetes.io/cluster/aws_eks_cluster.eks_cluster_demo.name": "shared",
              "kubernetes.io/role/elb": "1"
            },
            "timeouts": null,
            "vpc_id": "vpc-00c4f0442464de68b"
          },
          "sensitive_attributes": [],
          "private": "eyJlMmJmYjczMC1lY2FhLTExZTYtOGY4OC0zNDM2M2JjN2M0YzAiOnsiY3JlYXRlIjo2MDAwMDAwMDAwMDAsImRlbGV0ZSI6MTIwMDAwMDAwMDAwMH0sInNjaGVtYV92ZXJzaW9uIjoiMSJ9",
          "dependencies": [
            "aws_vpc.eks_vpc"
          ],
          "create_before_destroy": true
        }
      ]
    },
    {
      "mode": "managed",
      "type": "aws_vpc",
      "name": "eks_vpc",
      "provider": "provider[\"registry.terraform.io/hashicorp/aws\"]",
      "instances": [
        {
          "schema_version": 1,
          "attributes": {
            "arn": "arn:aws:ec2:ap-south-1:542157663317:vpc/vpc-00c4f0442464de68b",
            "assign_generated_ipv6_cidr_block": false,
            "cidr_block": "10.0.0.0/16",
            "default_network_acl_id": "acl-03baa688223f36efc",
            "default_route_table_id": "rtb-0747df19f5527fc81",
            "default_security_group_id": "sg-094fa6d4060bee2a2",
            "dhcp_options_id": "dopt-050db86e",
            "enable_classiclink": null,
            "enable_classiclink_dns_support": null,
            "enable_dns_hostnames": false,
            "enable_dns_support": true,
            "id": "vpc-00c4f0442464de68b",
            "instance_tenancy": "default",
            "ipv6_association_id": "",
            "ipv6_cidr_block": "",
            "main_route_table_id": "rtb-0747df19f5527fc81",
            "owner_id": "542157663317",
            "tags": {
              "Name": "terraform_eks_cluster_demo",
              "kubernetes.io/cluster/aws_eks_cluster.eks_cluster_demo.name": "shared",
              "kubernetes.io/role/elb": "1"
            },
            "tags_all": {
              "Name": "terraform_eks_cluster_demo",
              "kubernetes.io/cluster/aws_eks_cluster.eks_cluster_demo.name": "shared",
              "kubernetes.io/role/elb": "1"
            }
          },
          "sensitive_attributes": [],
          "private": "eyJzY2hlbWFfdmVyc2lvbiI6IjEifQ==",
          "create_before_destroy": true
        }
      ]
    }
  ]
}
